
Microsoft Visual Studio Solution File, Format Version 12.00
# Visual Studio Version 17
VisualStudioVersion = 17.0.32602.201
MinimumVisualStudioVersion = 10.0.40219.1
Project("{FAE04EC0-301F-11D3-BF4B-00C04F79EFBC}") = "dotnet-minimal-api-demo", "dotnet-minimal-api-demo.csproj", "{64E4C811-D963-4182-8419-367B627B060F}"
EndProject
Global
	GlobalSection(SolutionConfigurationPlatforms) = preSolution
		Debug|Any CPU = Debug|Any CPU
		Release|Any CPU = Release|Any CPU
	EndGlobalSection
	GlobalSection(ProjectConfigurationPlatforms) = postSolution
		{64E4C811-D963-4182-8419-367B627B060F}.Debug|Any CPU.ActiveCfg = Debug|Any CPU
		{64E4C811-D963-4182-8419-367B627B060F}.Debug|Any CPU.Build.0 = Debug|Any CPU
		{64E4C811-D963-4182-8419-367B627B060F}.Release|Any CPU.ActiveCfg = Release|Any CPU
		{64E4C811-D963-4182-8419-367B627B060F}.Release|Any CPU.Build.0 = Release|Any CPU
	EndGlobalSection
	GlobalSection(SolutionProperties) = preSolution
		HideSolutionNode = FALSE
	EndGlobalSection
	GlobalSection(ExtensibilityGlobals) = postSolution
		SolutionGuid = {3CBCE35C-954A-4DD4-9938-9C91A86E0EB9}
	EndGlobalSection
EndGlobal
